// !$*UTF8*$!
{
	archiveVersion = 1;
	classes = {
	};
	objectVersion = 50;
	objects = {

/* Begin PBXBuildFile section */
		2B3698A22168179700D66432 /* GameScene.sks in Resources */ = {isa = PBXBuildFile; fileRef = 2B3698A12168179700D66432 /* GameScene.sks */; };
		2B3698A421681C5700D66432 /* SushiPiece.swift in Sources */ = {isa = PBXBuildFile; fileRef = 2B3698A321681C5700D66432 /* SushiPiece.swift */; };
		2B3698A6216863A000D66432 /* Character.swift in Sources */ = {isa = PBXBuildFile; fileRef = 2B3698A5216863A000D66432 /* Character.swift */; };
		2B3698A82168669200D66432 /* AnimationActions.sks in Resources */ = {isa = PBXBuildFile; fileRef = 2B3698A72168669200D66432 /* AnimationActions.sks */; };
		2BD6F60C2167FDD80014E995 /* AppDelegate.swift in Sources */ = {isa = PBXBuildFile; fileRef = 2BD6F60B2167FDD80014E995 /* AppDelegate.swift */; };
		2BD6F6122167FDD80014E995 /* GameScene.swift in Sources */ = {isa = PBXBuildFile; fileRef = 2BD6F6112167FDD80014E995 /* GameScene.swift */; };
		2BD6F6142167FDD80014E995 /* GameViewController.swift in Sources */ = {isa = PBXBuildFile; fileRef = 2BD6F6132167FDD80014E995 /* GameViewController.swift */; };
		2BD6F6172167FDD80014E995 /* Main.storyboard in Resources */ = {isa = PBXBuildFile; fileRef = 2BD6F6152167FDD80014E995 /* Main.storyboard */; };
		2BD6F6192167FDDA0014E995 /* Assets.xcassets in Resources */ = {isa = PBXBuildFile; fileRef = 2BD6F6182167FDDA0014E995 /* Assets.xcassets */; };
		2BD6F61C2167FDDA0014E995 /* LaunchScreen.storyboard in Resources */ = {isa = PBXBuildFile; fileRef = 2BD6F61A2167FDDA0014E995 /* LaunchScreen.storyboard */; };
		2BD6F624216807B20014E995 /* ButtonNode.swift in Sources */ = {isa = PBXBuildFile; fileRef = 2BD6F623216807B20014E995 /* ButtonNode.swift */; };
/* End PBXBuildFile section */

/* Begin PBXFileReference section */
		2B3698A12168179700D66432 /* GameScene.sks */ = {isa = PBXFileReference; lastKnownFileType = file.sks; path = GameScene.sks; sourceTree = "<group>"; };
		2B3698A321681C5700D66432 /* SushiPiece.swift */ = {isa = PBXFileReference; lastKnownFileType = sourcecode.swift; path = SushiPiece.swift; sourceTree = "<group>"; };
		2B3698A5216863A000D66432 /* Character.swift */ = {isa = PBXFileReference; lastKnownFileType = sourcecode.swift; path = Character.swift; sourceTree = "<group>"; };
		2B3698A72168669200D66432 /* AnimationActions.sks */ = {isa = PBXFileReference; lastKnownFileType = file.sks; path = AnimationActions.sks; sourceTree = "<group>"; };
		2BD6F6082167FDD80014E995 /* SushiNeko.app */ = {isa = PBXFileReference; explicitFileType = wrapper.application; includeInIndex = 0; path = SushiNeko.app; sourceTree = BUILT_PRODUCTS_DIR; };
		2BD6F60B2167FDD80014E995 /* AppDelegate.swift */ = {isa = PBXFileReference; lastKnownFileType = sourcecode.swift; path = AppDelegate.swift; sourceTree = "<group>"; };
		2BD6F6112167FDD80014E995 /* GameScene.swift */ = {isa = PBXFileReference; lastKnownFileType = sourcecode.swift; path = GameScene.swift; sourceTree = "<group>"; };
		2BD6F6132167FDD80014E995 /* GameViewController.swift */ = {isa = PBXFileReference; lastKnownFileType = sourcecode.swift; path = GameViewController.swift; sourceTree = "<group>"; };
		2BD6F6162167FDD80014E995 /* Base */ = {isa = PBXFileReference; lastKnownFileType = file.storyboard; name = Base; path = Base.lproj/Main.storyboard; sourceTree = "<group>"; };
		2BD6F6182167FDDA0014E995 /* Assets.xcassets */ = {isa = PBXFileReference; lastKnownFileType = folder.assetcatalog; path = Assets.xcassets; sourceTree = "<group>"; };
		2BD6F61B2167FDDA0014E995 /* Base */ = {isa = PBXFileReference; lastKnownFileType = file.storyboard; name = Base; path = Base.lproj/LaunchScreen.storyboard; sourceTree = "<group>"; };
		2BD6F61D2167FDDA0014E995 /* Info.plist */ = {isa = PBXFileReference; lastKnownFileType = text.plist.xml; path = Info.plist; sourceTree = "<group>"; };
		2BD6F623216807B20014E995 /* ButtonNode.swift */ = {isa = PBXFileReference; lastKnownFileType = sourcecode.swift; path = ButtonNode.swift; sourceTree = "<group>"; };
/* End PBXFileReference section */

/* Begin PBXFrameworksBuildPhase section */
		2BD6F6052167FDD80014E995 /* Frameworks */ = {
			isa = PBXFrameworksBuildPhase;
			buildActionMask = 2147483647;
			files = (
			);
			runOnlyForDeploymentPostprocessing = 0;
		};
/* End PBXFrameworksBuildPhase section */

/* Begin PBXGroup section */
		2BD6F5FF2167FDD80014E995 = {
			isa = PBXGroup;
			children = (
				2BD6F60A2167FDD80014E995 /* SushiNeko */,
				2BD6F6092167FDD80014E995 /* Products */,
			);
			sourceTree = "<group>";
		};
		2BD6F6092167FDD80014E995 /* Products */ = {
			isa = PBXGroup;
			children = (
				2BD6F6082167FDD80014E995 /* SushiNeko.app */,
			);
			name = Products;
			sourceTree = "<group>";
		};
		2BD6F60A2167FDD80014E995 /* SushiNeko */ = {
			isa = PBXGroup;
			children = (
				2B3698A72168669200D66432 /* AnimationActions.sks */,
				2B3698A12168179700D66432 /* GameScene.sks */,
				2BD6F6112167FDD80014E995 /* GameScene.swift */,
				2B3698A5216863A000D66432 /* Character.swift */,
				2BD6F60B2167FDD80014E995 /* AppDelegate.swift */,
				2BD6F623216807B20014E995 /* ButtonNode.swift */,
				2B3698A321681C5700D66432 /* SushiPiece.swift */,
				2BD6F6132167FDD80014E995 /* GameViewController.swift */,
				2BD6F6152167FDD80014E995 /* Main.storyboard */,
				2BD6F6182167FDDA0014E995 /* Assets.xcassets */,
				2BD6F61A2167FDDA0014E995 /* LaunchScreen.storyboard */,
				2BD6F61D2167FDDA0014E995 /* Info.plist */,
			);
			path = SushiNeko;
			sourceTree = "<group>";
		};
/* End PBXGroup section */

/* Begin PBXNativeTarget section */
		2BD6F6072167FDD80014E995 /* SushiNeko */ = {
			isa = PBXNativeTarget;
			buildConfigurationList = 2BD6F6202167FDDA0014E995 /* Build configuration list for PBXNativeTarget "SushiNeko" */;
			buildPhases = (
				2BD6F6042167FDD80014E995 /* Sources */,
				2BD6F6052167FDD80014E995 /* Frameworks */,
				2BD6F6062167FDD80014E995 /* Resources */,
			);
			buildRules = (
			);
			dependencies = (
			);
			name = SushiNeko;
			productName = SushiNeko;
			productReference = 2BD6F6082167FDD80014E995 /* SushiNeko.app */;
			productType = "com.apple.product-type.application";
		};
/* End PBXNativeTarget section */

/* Begin PBXProject section */
		2BD6F6002167FDD80014E995 /* Project object */ = {
			isa = PBXProject;
			attributes = {
				LastSwiftUpdateCheck = 1000;
				LastUpgradeCheck = 1000;
				ORGANIZATIONNAME = HazeStudios;
				TargetAttributes = {
					2BD6F6072167FDD80014E995 = {
						CreatedOnToolsVersion = 10.0;
					};
				};
			};
			buildConfigurationList = 2BD6F6032167FDD80014E995 /* Build configuration list for PBXProject "SushiNeko" */;
			compatibilityVersion = "Xcode 9.3";
			developmentRegion = en;
			hasScannedForEncodings = 0;
			knownRegions = (
				en,
				Base,
			);
			mainGroup = 2BD6F5FF2167FDD80014E995;
			productRefGroup = 2BD6F6092167FDD80014E995 /* Products */;
			projectDirPath = "";
			projectRoot = "";
			targets = (
				2BD6F6072167FDD80014E995 /* SushiNeko */,
			);
		};
/* End PBXProject section */

/* Begin PBXResourcesBuildPhase section */
		2BD6F6062167FDD80014E995 /* Resources */ = {
			isa = PBXResourcesBuildPhase;
			buildActionMask = 2147483647;
			files = (
				2B3698A82168669200D66432 /* AnimationActions.sks in Resources */,
				2B3698A22168179700D66432 /* GameScene.sks in Resources */,
				2BD6F6172167FDD80014E995 /* Main.storyboard in Resources */,
				2BD6F6192167FDDA0014E995 /* Assets.xcassets in Resources */,
				2BD6F61C2167FDDA0014E995 /* LaunchScreen.storyboard in Resources */,
			);
			runOnlyForDeploymentPostprocessing = 0;
		};
/* End PBXResourcesBuildPhase section */

/* Begin PBXSourcesBuildPhase section */
		2BD6F6042167FDD80014E995 /* Sources */ = {
			isa = PBXSourcesBuildPhase;
			buildActionMask = 2147483647;
			files = (
				2BD6F6122167FDD80014E995 /* GameScene.swift in Sources */,
				2B3698A6216863A000D66432 /* Character.swift in Sources */,
				2BD6F624216807B20014E995 /* ButtonNode.swift in Sources */,
				2BD6F6142167FDD80014E995 /* GameViewController.swift in Sources */,
				2B3698A421681C5700D66432 /* SushiPiece.swift in Sources */,
				2BD6F60C2167FDD80014E995 /* AppDelegate.swift in Sources */,
			);
			runOnlyForDeploymentPostprocessing = 0;
		};
/* End PBXSourcesBuildPhase section */

/* Begin PBXVariantGroup section */
		2BD6F6152167FDD80014E995 /* Main.storyboard */ = {
			isa = PBXVariantGroup;
			children = (
				2BD6F6162167FDD80014E995 /* Base */,
			);
			name = Main.storyboard;
			sourceTree = "<group>";
		};
		2BD6F61A2167FDDA0014E995 /* LaunchScreen.storyboard */ = {
			isa = PBXVariantGroup;
			children = (
				2BD6F61B2167FDDA0014E995 /* Base */,
			);
			name = LaunchScreen.storyboard;
			sourceTree = "<group>";
		};
/* End PBXVariantGroup section */

/* Begin XCBuildConfiguration section */
		2BD6F61E2167FDDA0014E995 /* Debug */ = {
			isa = XCBuildConfiguration;
			buildSettings = {
				ALWAYS_SEARCH_USER_PATHS = NO;
				CLANG_ANALYZER_NONNULL = YES;
				CLANG_ANALYZER_NUMBER_OBJECT_CONVERSION = YES_AGGRESSIVE;
				CLANG_CXX_LANGUAGE_STANDARD = "gnu++14";
				CLANG_CXX_LIBRARY = "libc++";
				CLANG_ENABLE_MODULES = YES;
				CLANG_ENABLE_OBJC_ARC = YES;
				CLANG_ENABLE_OBJC_WEAK = YES;
				CLANG_WARN_BLOCK_CAPTURE_AUTORELEASING = YES;
				CLANG_WARN_BOOL_CONVERSION = YES;
				CLANG_WARN_COMMA = YES;
				CLANG_WARN_CONSTANT_CONVERSION = YES;
				CLANG_WARN_DEPRECATED_OBJC_IMPLEMENTATIONS = YES;
				CLANG_WARN_DIRECT_OBJC_ISA_USAGE = YES_ERROR;
				CLANG_WARN_DOCUMENTATION_COMMENTS = YES;
				CLANG_WARN_EMPTY_BODY = YES;
				CLANG_WARN_ENUM_CONVERSION = YES;
				CLANG_WARN_INFINITE_RECURSION = YES;
				CLANG_WARN_INT_CONVERSION = YES;
				CLANG_WARN_NON_LITERAL_NULL_CONVERSION = YES;
				CLANG_WARN_OBJC_IMPLICIT_RETAIN_SELF = YES;
				CLANG_WARN_OBJC_LITERAL_CONVERSION = YES;
				CLANG_WARN_OBJC_ROOT_CLASS = YES_ERROR;
				CLANG_WARN_RANGE_LOOP_ANALYSIS = YES;
				CLANG_WARN_STRICT_PROTOTYPES = YES;
				CLANG_WARN_SUSPICIOUS_MOVE = YES;
				CLANG_WARN_UNGUARDED_AVAILABILITY = YES_AGGRESSIVE;
				CLANG_WARN_UNREACHABLE_CODE = YES;
				CLANG_WARN__DUPLICATE_METHOD_MATCH = YES;
				CODE_SIGN_IDENTITY = "iPhone Developer";
				COPY_PHASE_STRIP = NO;
				DEBUG_INFORMATION_FORMAT = dwarf;
				ENABLE_STRICT_OBJC_MSGSEND = YES;
				ENABLE_TESTABILITY = YES;
				GCC_C_LANGUAGE_STANDARD = gnu11;
				GCC_DYNAMIC_NO_PIC = NO;
				GCC_NO_COMMON_BLOCKS = YES;
				GCC_OPTIMIZATION_LEVEL = 0;
				GCC_PREPROCESSOR_DEFINITIONS = (
					"DEBUG=1",
					"$(inherited)",
				);
				GCC_WARN_64_TO_32_BIT_CONVERSION = YES;
				GCC_WARN_ABOUT_RETURN_TYPE = YES_ERROR;
				GCC_WARN_UNDECLARED_SELECTOR = YES;
				GCC_WARN_UNINITIALIZED_AUTOS = YES_AGGRESSIVE;
				GCC_WARN_UNUSED_FUNCTION = YES;
				GCC_WARN_UNUSED_VARIABLE = YES;
				IPHONEOS_DEPLOYMENT_TARGET = 12.0;
				MTL_ENABLE_DEBUG_INFO = INCLUDE_SOURCE;
				MTL_FAST_MATH = YES;
				ONLY_ACTIVE_ARCH = YES;
				SDKROOT = iphoneos;
				SWIFT_ACTIVE_COMPILATION_CONDITIONS = DEBUG;
				SWIFT_OPTIMIZATION_LEVEL = "-Onone";
			};
			name = Debug;
		};
		2BD6F61F2167FDDA0014E995 /* Release */ = {
			isa = XCBuildConfiguration;
			buildSettings = {
				ALWAYS_SEARCH_USER_PATHS = NO;
				CLANG_ANALYZER_NONNULL = YES;
				CLANG_ANALYZER_NUMBER_OBJECT_CONVERSION = YES_AGGRESSIVE;
				CLANG_CXX_LANGUAGE_STANDARD = "gnu++14";
				CLANG_CXX_LIBRARY = "libc++";
				CLANG_ENABLE_MODULES = YES;
				CLANG_ENABLE_OBJC_ARC = YES;
				CLANG_ENABLE_OBJC_WEAK = YES;
				CLANG_WARN_BLOCK_CAPTURE_AUTORELEASING = YES;
				CLANG_WARN_BOOL_CONVERSION = YES;
				CLANG_WARN_COMMA = YES;
				CLANG_WARN_CONSTANT_CONVERSION = YES;
				CLANG_WARN_DEPRECATED_OBJC_IMPLEMENTATIONS = YES;
				CLANG_WARN_DIRECT_OBJC_ISA_USAGE = YES_ERROR;
				CLANG_WARN_DOCUMENTATION_COMMENTS = YES;
				CLANG_WARN_EMPTY_BODY = YES;
				CLANG_WARN_ENUM_CONVERSION = YES;
				CLANG_WARN_INFINITE_RECURSION = YES;
				CLANG_WARN_INT_CONVERSION = YES;
				CLANG_WARN_NON_LITERAL_NULL_CONVERSION = YES;
				CLANG_WARN_OBJC_IMPLICIT_RETAIN_SELF = YES;
				CLANG_WARN_OBJC_LITERAL_CONVERSION = YES;
				CLANG_WARN_OBJC_ROOT_CLASS = YES_ERROR;
				CLANG_WARN_RANGE_LOOP_ANALYSIS = YES;
				CLANG_WARN_STRICT_PROTOTYPES = YES;
				CLANG_WARN_SUSPICIOUS_MOVE = YES;
				CLANG_WARN_UNGUARDED_AVAILABILITY = YES_AGGRESSIVE;
				CLANG_WARN_UNREACHABLE_CODE = YES;
				CLANG_WARN__DUPLICATE_METHOD_MATCH = YES;
				CODE_SIGN_IDENTITY = "iPhone Developer";
				COPY_PHASE_STRIP = NO;
				DEBUG_INFORMATION_FORMAT = "dwarf-with-dsym";
				ENABLE_NS_ASSERTIONS = NO;
				ENABLE_STRICT_OBJC_MSGSEND = YES;
				GCC_C_LANGUAGE_STANDARD = gnu11;
				GCC_NO_COMMON_BLOCKS = YES;
				GCC_WARN_64_TO_32_BIT_CONVERSION = YES;
				GCC_WARN_ABOUT_RETURN_TYPE = YES_ERROR;
				GCC_WARN_UNDECLARED_SELECTOR = YES;
				GCC_WARN_UNINITIALIZED_AUTOS = YES_AGGRESSIVE;
				GCC_WARN_UNUSED_FUNCTION = YES;
				GCC_WARN_UNUSED_VARIABLE = YES;
				IPHONEOS_DEPLOYMENT_TARGET = 12.0;
				MTL_ENABLE_DEBUG_INFO = NO;
				MTL_FAST_MATH = YES;
				SDKROOT = iphoneos;
				SWIFT_COMPILATION_MODE = wholemodule;
				SWIFT_OPTIMIZATION_LEVEL = "-O";
				VALIDATE_PRODUCT = YES;
			};
			name = Release;
		};
		2BD6F6212167FDDA0014E995 /* Debug */ = {
			isa = XCBuildConfiguration;
			buildSettings = {
				ASSETCATALOG_COMPILER_APPICON_NAME = AppIcon;
				CODE_SIGN_STYLE = Automatic;
				DEVELOPMENT_TEAM = 4E3GPM4HDT;
				INFOPLIST_FILE = SushiNeko/Info.plist;
				LD_RUNPATH_SEARCH_PATHS = (
					"$(inherited)",
					"@executable_path/Frameworks",
				);
				PRODUCT_BUNDLE_IDENTIFIER = Haze.Applications..SushiNeko;
				PRODUCT_NAME = "$(TARGET_NAME)";
				SWIFT_VERSION = 4.2;
				TARGETED_DEVICE_FAMILY = "1,2";
			};
			name = Debug;
		};
		2BD6F6222167FDDA0014E995 /* Release */ = {
			isa = XCBuildConfiguration;
			buildSettings = {
				ASSETCATALOG_COMPILER_APPICON_NAME = AppIcon;
				CODE_SIGN_STYLE = Automatic;
				DEVELOPMENT_TEAM = 4E3GPM4HDT;
				INFOPLIST_FILE = SushiNeko/Info.plist;
				LD_RUNPATH_SEARCH_PATHS = (
					"$(inherited)",
					"@executable_path/Frameworks",
				);
				PRODUCT_BUNDLE_IDENTIFIER = Haze.Applications..SushiNeko;
				PRODUCT_NAME = "$(TARGET_NAME)";
				SWIFT_VERSION = 4.2;
				TARGETED_DEVICE_FAMILY = "1,2";
			};
			name = Release;
		};
/* End XCBuildConfiguration section */

/* Begin XCConfigurationList section */
		2BD6F6032167FDD80014E995 /* Build configuration list for PBXProject "SushiNeko" */ = {
			isa = XCConfigurationList;
			buildConfigurations = (
				2BD6F61E2167FDDA0014E995 /* Debug */,
				2BD6F61F2167FDDA0014E995 /* Release */,
			);
			defaultConfigurationIsVisible = 0;
			defaultConfigurationName = Release;
		};
		2BD6F6202167FDDA0014E995 /* Build configuration list for PBXNativeTarget "SushiNeko" */ = {
			isa = XCConfigurationList;
			buildConfigurations = (
				2BD6F6212167FDDA0014E995 /* Debug */,
				2BD6F6222167FDDA0014E995 /* Release */,
			);
			defaultConfigurationIsVisible = 0;
			defaultConfigurationName = Release;
		};
/* End XCConfigurationList section */
	};
	rootObject = 2BD6F6002167FDD80014E995 /* Project object */;
}
